# This file is automatically @generated by Cargo.
# It is not intended for manual editing.
version = 3

[[package]]
name = "openshard-ai"
version = "0.0.1"

[[package]]
name = "openshard-chat"
version = "0.0.1"

[[package]]
name = "openshard-combat"
version = "0.0.1"

[[package]]
name = "openshard-config"
version = "0.0.1"

[[package]]
name = "openshard-entities"
version = "0.0.1"

[[package]]
name = "openshard-events"
version = "0.0.1"

[[package]]
name = "openshard-gateway"
version = "0.0.1"

[[package]]
name = "openshard-guilds"
version = "0.0.1"

[[package]]
name = "openshard-housing"
version = "0.0.1"

[[package]]
name = "openshard-items"
version = "0.0.1"

[[package]]
name = "openshard-login"
version = "0.0.1"

[[package]]
name = "openshard-magic"
version = "0.0.1"

[[package]]
name = "openshard-metrics"
version = "0.0.1"

[[package]]
name = "openshard-movement"
version = "0.0.1"

[[package]]
name = "openshard-persistence"
version = "0.0.1"

[[package]]
name = "openshard-plugins"
version = "0.0.1"

[[package]]
name = "openshard-protocol"
version = "0.0.1"

[[package]]
name = "openshard-scripting"
version = "0.0.1"

[[package]]
name = "openshard-skills"
version = "0.0.1"

[[package]]
name = "openshard-world"
version = "0.0.1"
